lockfileVersion: "9.0"

settings:
  autoInstallPeers: true
  excludeLinksFromLockfile: false

importers:
  .:
    devDependencies:
      prettier:
        specifier: ^2.8.7
        version: 2.8.8
      prettier-plugin-sql:
        specifier: ^0.14.0
        version: 0.14.0(prettier@2.8.8)

packages:
  argparse@2.0.1:
    resolution:
      {
        integrity: sha512-8+9WqebbFzpX9OR+Wa6O29asIogeRMzcGtAINdpMHHyAg10f05aSFVBbcEqGf/PXw1EjAZ+q2/bEBg3DvurK3Q==,
      }

  big-integer@1.6.52:
    resolution:
      {
        integrity: sha512-QxD8cf2eVqJOOz63z6JIN9BzvVs/dlySa5HGSBH5xtR8dPteIRQnBxxKqkNTiT6jbDTF6jAfrd4oMcND9RGbQg==,
      }
    engines: { node: ">=0.6" }

  commander@2.20.3:
    resolution:
      {
        integrity: sha512-GpVkmM8vF2vQUkj2LvZmD35JxeJOLCwJ9cUkugyk2nuhbv3+mJvpLYYt+0+USMxE+oj+ey/lJEnhZw75x/OMcQ==,
      }

  discontinuous-range@1.0.0:
    resolution:
      {
        integrity: sha512-c68LpLbO+7kP/b1Hr1qs8/BJ09F5khZGTxqxZuhzxpmwJKOgRFHJWIb9/KmqnqHhLdO55aOxFH/EGBvUQbL/RQ==,
      }

  get-stdin@8.0.0:
    resolution:
      {
        integrity: sha512-sY22aA6xchAzprjyqmSEQv4UbAAzRN0L2dQB0NlN5acTTK9Don6nhoc3eAbUnpZiCANAMfd/+40kVdKfFygohg==,
      }
    engines: { node: ">=10" }

  moo@0.5.2:
    resolution:
      {
        integrity: sha512-iSAJLHYKnX41mKcJKjqvnAN9sf0LMDTXDEvFv+ffuRR9a1MIuXLjMNL6EsnDHSkKLTWNqQQ5uo61P4EbU4NU+Q==,
      }

  nearley@2.20.1:
    resolution:
      {
        integrity: sha512-+Mc8UaAebFzgV+KpI5n7DasuuQCHA89dmwm7JXw3TV43ukfNQ9DnBH3Mdb2g/I4Fdxc26pwimBWvjIw0UAILSQ==,
      }
    hasBin: true

  node-sql-parser@4.18.0:
    resolution:
      {
        integrity: sha512-2YEOR5qlI1zUFbGMLKNfsrR5JUvFg9LxIRVE+xJe962pfVLH0rnItqLzv96XVs1Y1UIR8FxsXAuvX/lYAWZ2BQ==,
      }
    engines: { node: ">=8" }

  prettier-plugin-sql@0.14.0:
    resolution:
      {
        integrity: sha512-dRgINgNd3ZhBDuO/+EFalJjSlAqNXvXv9XDtSCeMufXaP6O64HHLBo1Szo+l+cfvXFxwvkTSGrS+sjpEpSchNA==,
      }
    engines: { node: ^12.20.0 || ^14.18.0 || >=16.0.0 }
    peerDependencies:
      prettier: ^2.0.0

  prettier@2.8.8:
    resolution:
      {
        integrity: sha512-tdN8qQGvNjw4CHbY+XXk0JgCXn9QiF21a55rBe5LJAU+kDyC4WQn4+awm2Xfk2lQMk5fKup9XgzTZtGkjBdP9Q==,
      }
    engines: { node: ">=10.13.0" }
    hasBin: true

  railroad-diagrams@1.0.0:
    resolution:
      {
        integrity: sha512-cz93DjNeLY0idrCNOH6PviZGRN9GJhsdm9hpn1YCS879fj4W+x5IFJhhkRZcwVgMmFF7R82UA/7Oh+R8lLZg6A==,
      }

  randexp@0.4.6:
    resolution:
      {
        integrity: sha512-80WNmd9DA0tmZrw9qQa62GPPWfuXJknrmVmLcxvq4uZBdYqb1wYoKTmnlGUchvVWe0XiLupYkBoXVOxz3C8DYQ==,
      }
    engines: { node: ">=0.12" }

  ret@0.1.15:
    resolution:
      {
        integrity: sha512-TTlYpa+OL+vMMNG24xSlQGEJ3B/RzEfUlLct7b5G/ytav+wPrplCpVMFuwzXbkecJrb6IYo1iFb0S9v37754mg==,
      }
    engines: { node: ">=0.12" }

  sql-formatter@12.2.4:
    resolution:
      {
        integrity: sha512-Qj45LEHSfgrdYDOrAtIkR8SdS10SWcqCIM2WZwQwMKF2v9sM0K2dlThWPS7eYCUrhttZIrU1WwuIwHk7MjsWOw==,
      }
    hasBin: true

  tslib@2.8.1:
    resolution:
      {
        integrity: sha512-oJFu94HQb+KVduSUQL7wnpmqnfmLsOA/nAh6b6EH0wCEoK0/mPeXU6c3wKDV83MkOuHPRHtSXKKU99IBazS/2w==,
      }

snapshots:
  argparse@2.0.1: {}

  big-integer@1.6.52: {}

  commander@2.20.3: {}

  discontinuous-range@1.0.0: {}

  get-stdin@8.0.0: {}

  moo@0.5.2: {}

  nearley@2.20.1:
    dependencies:
      commander: 2.20.3
      moo: 0.5.2
      railroad-diagrams: 1.0.0
      randexp: 0.4.6

  node-sql-parser@4.18.0:
    dependencies:
      big-integer: 1.6.52

  prettier-plugin-sql@0.14.0(prettier@2.8.8):
    dependencies:
      node-sql-parser: 4.18.0
      prettier: 2.8.8
      sql-formatter: 12.2.4
      tslib: 2.8.1

  prettier@2.8.8: {}

  railroad-diagrams@1.0.0: {}

  randexp@0.4.6:
    dependencies:
      discontinuous-range: 1.0.0
      ret: 0.1.15

  ret@0.1.15: {}

  sql-formatter@12.2.4:
    dependencies:
      argparse: 2.0.1
      get-stdin: 8.0.0
      nearley: 2.20.1

  tslib@2.8.1: {}
